
Microsoft Visual Studio Solution File, Format Version 12.00
# Visual Studio Version 16
VisualStudioVersion = 16.0.31019.35
MinimumVisualStudioVersion = 10.0.40219.1
Project("{FAE04EC0-301F-11D3-BF4B-00C04F79EFBC}") = "ControlDeGimnasio", "ControlDeGimnasio\ControlDeGimnasio.csproj", "{2F581591-505D-4A82-B37E-4274BE8711AE}"
EndProject
Project("{FAE04EC0-301F-11D3-BF4B-00C04F79EFBC}") = "Modelo", "Modelo\Modelo.csproj", "{13030F72-C478-4AFD-95AD-F47DDC4C1C96}"
EndProject
Project("{FAE04EC0-301F-11D3-BF4B-00C04F79EFBC}") = "Controlador", "Controlador\Controlador.csproj", "{56E05F7B-E91D-4E79-957F-2C8F759C1F71}"
EndProject
Global
	GlobalSection(SolutionConfigurationPlatforms) = preSolution
		Debug|Any CPU = Debug|Any CPU
		Release|Any CPU = Release|Any CPU
	EndGlobalSection
	GlobalSection(ProjectConfigurationPlatforms) = postSolution
		{2F581591-505D-4A82-B37E-4274BE8711AE}.Debug|Any CPU.ActiveCfg = Debug|Any CPU
		{2F581591-505D-4A82-B37E-4274BE8711AE}.Debug|Any CPU.Build.0 = Debug|Any CPU
		{2F581591-505D-4A82-B37E-4274BE8711AE}.Release|Any CPU.ActiveCfg = Release|Any CPU
		{2F581591-505D-4A82-B37E-4274BE8711AE}.Release|Any CPU.Build.0 = Release|Any CPU
		{13030F72-C478-4AFD-95AD-F47DDC4C1C96}.Debug|Any CPU.ActiveCfg = Debug|Any CPU
		{13030F72-C478-4AFD-95AD-F47DDC4C1C96}.Debug|Any CPU.Build.0 = Debug|Any CPU
		{13030F72-C478-4AFD-95AD-F47DDC4C1C96}.Release|Any CPU.ActiveCfg = Release|Any CPU
		{13030F72-C478-4AFD-95AD-F47DDC4C1C96}.Release|Any CPU.Build.0 = Release|Any CPU
		{56E05F7B-E91D-4E79-957F-2C8F759C1F71}.Debug|Any CPU.ActiveCfg = Debug|Any CPU
		{56E05F7B-E91D-4E79-957F-2C8F759C1F71}.Debug|Any CPU.Build.0 = Debug|Any CPU
		{56E05F7B-E91D-4E79-957F-2C8F759C1F71}.Release|Any CPU.ActiveCfg = Release|Any CPU
		{56E05F7B-E91D-4E79-957F-2C8F759C1F71}.Release|Any CPU.Build.0 = Release|Any CPU
	EndGlobalSection
	GlobalSection(SolutionProperties) = preSolution
		HideSolutionNode = FALSE
	EndGlobalSection
	GlobalSection(ExtensibilityGlobals) = postSolution
		SolutionGuid = {F9069D3D-D9FC-49B5-BA89-EA5FBB2DCDD9}
	EndGlobalSection
EndGlobal
